
Microsoft Visual Studio Solution File, Format Version 12.00
# Visual Studio Version 17
VisualStudioVersion = 17.8.34309.116
MinimumVisualStudioVersion = 10.0.40219.1
Project("{9A19103F-16F7-4668-BE54-9A1E7A4F7556}") = "Group_Quiz", "Group_Quiz\Group_Quiz.csproj", "{6AF7E3A5-D0CB-444D-9F6F-AA95A09A4C9B}"
EndProject
Project("{FAE04EC0-301F-11D3-BF4B-00C04F79EFBC}") = "BrainWave", "BrainWave\BrainWave.csproj", "{240B46D7-94CB-4421-A65A-66A371112171}"
EndProject
Global
	GlobalSection(SolutionConfigurationPlatforms) = preSolution
		Debug|Any CPU = Debug|Any CPU
		Release|Any CPU = Release|Any CPU
	EndGlobalSection
	GlobalSection(ProjectConfigurationPlatforms) = postSolution
		{6AF7E3A5-D0CB-444D-9F6F-AA95A09A4C9B}.Debug|Any CPU.ActiveCfg = Debug|Any CPU
		{6AF7E3A5-D0CB-444D-9F6F-AA95A09A4C9B}.Debug|Any CPU.Build.0 = Debug|Any CPU
		{6AF7E3A5-D0CB-444D-9F6F-AA95A09A4C9B}.Release|Any CPU.ActiveCfg = Release|Any CPU
		{6AF7E3A5-D0CB-444D-9F6F-AA95A09A4C9B}.Release|Any CPU.Build.0 = Release|Any CPU
		{240B46D7-94CB-4421-A65A-66A371112171}.Debug|Any CPU.ActiveCfg = Debug|Any CPU
		{240B46D7-94CB-4421-A65A-66A371112171}.Debug|Any CPU.Build.0 = Debug|Any CPU
		{240B46D7-94CB-4421-A65A-66A371112171}.Release|Any CPU.ActiveCfg = Release|Any CPU
		{240B46D7-94CB-4421-A65A-66A371112171}.Release|Any CPU.Build.0 = Release|Any CPU
	EndGlobalSection
	GlobalSection(SolutionProperties) = preSolution
		HideSolutionNode = FALSE
	EndGlobalSection
	GlobalSection(ExtensibilityGlobals) = postSolution
		SolutionGuid = {981C312B-0532-4470-B853-D923BC3E8E53}
	EndGlobalSection
EndGlobal
