
Microsoft Visual Studio Solution File, Format Version 12.00
# Visual Studio Version 17
VisualStudioVersion = 17.8.34309.116
MinimumVisualStudioVersion = 10.0.40219.1
Project("{FAE04EC0-301F-11D3-BF4B-00C04F79EFBC}") = "Quiz", "Quiz\Quiz.csproj", "{99A2DF15-92CE-49EB-8165-DCAD5FA2FAAB}"
EndProject
Global
	GlobalSection(SolutionConfigurationPlatforms) = preSolution
		Debug|Any CPU = Debug|Any CPU
		Release|Any CPU = Release|Any CPU
	EndGlobalSection
	GlobalSection(ProjectConfigurationPlatforms) = postSolution
		{99A2DF15-92CE-49EB-8165-DCAD5FA2FAAB}.Debug|Any CPU.ActiveCfg = Debug|Any CPU
		{99A2DF15-92CE-49EB-8165-DCAD5FA2FAAB}.Debug|Any CPU.Build.0 = Debug|Any CPU
		{99A2DF15-92CE-49EB-8165-DCAD5FA2FAAB}.Release|Any CPU.ActiveCfg = Release|Any CPU
		{99A2DF15-92CE-49EB-8165-DCAD5FA2FAAB}.Release|Any CPU.Build.0 = Release|Any CPU
	EndGlobalSection
	GlobalSection(SolutionProperties) = preSolution
		HideSolutionNode = FALSE
	EndGlobalSection
	GlobalSection(ExtensibilityGlobals) = postSolution
		SolutionGuid = {2361BB9A-1DE7-4F8E-850E-12DD2EE395A9}
	EndGlobalSection
EndGlobal
